Microsoft Visual Studio Solution File, Format Version 12.00
# Visual Studio Version 17
VisualStudioVersion = 17.5.2.0
MinimumVisualStudioVersion = 10.0.40219.1
Project("{FAE04EC0-301F-11D3-BF4B-00C04F79EFBC}") = "Candy.AspNet", "candy-aspnet\Candy.AspNet.csproj", "{EA23E680-1786-0F6D-DC24-88F78B30A073}"
EndProject
Project("{FAE04EC0-301F-11D3-BF4B-00C04F79EFBC}") = "Candy.Blazor", "candy-blazor\Candy.Blazor.csproj", "{431BA043-082C-A7FD-CD07-98F82344B046}"
EndProject
Project("{FAE04EC0-301F-11D3-BF4B-00C04F79EFBC}") = "Candy.Common", "candy-common\Candy.Common.csproj", "{1A2DAE43-A824-2B09-CCE5-4045A13F84C1}"
EndProject
Project("{FAE04EC0-301F-11D3-BF4B-00C04F79EFBC}") = "Candy.Logging", "candy-logging\Candy.Logging.csproj", "{523C618C-FD89-4E64-864B-8C3159B36079}"
EndProject
Project("{FAE04EC0-301F-11D3-BF4B-00C04F79EFBC}") = "Candy.Discord", "candy-discord\Candy.Discord.csproj", "{8A3D6F7E-2B91-4C8D-9E5F-1D8A4E6C7B9A}"
EndProject
Global
	GlobalSection(SolutionConfigurationPlatforms) = preSolution
		Debug|Any CPU = Debug|Any CPU
		Release|Any CPU = Release|Any CPU
	EndGlobalSection
	GlobalSection(ProjectConfigurationPlatforms) = postSolution
		{EA23E680-1786-0F6D-DC24-88F78B30A073}.Debug|Any CPU.ActiveCfg = Debug|Any CPU
		{EA23E680-1786-0F6D-DC24-88F78B30A073}.Debug|Any CPU.Build.0 = Debug|Any CPU
		{EA23E680-1786-0F6D-DC24-88F78B30A073}.Release|Any CPU.ActiveCfg = Release|Any CPU
		{EA23E680-1786-0F6D-DC24-88F78B30A073}.Release|Any CPU.Build.0 = Release|Any CPU
		{431BA043-082C-A7FD-CD07-98F82344B046}.Debug|Any CPU.ActiveCfg = Debug|Any CPU
		{431BA043-082C-A7FD-CD07-98F82344B046}.Debug|Any CPU.Build.0 = Debug|Any CPU
		{431BA043-082C-A7FD-CD07-98F82344B046}.Release|Any CPU.ActiveCfg = Release|Any CPU
		{431BA043-082C-A7FD-CD07-98F82344B046}.Release|Any CPU.Build.0 = Release|Any CPU
		{1A2DAE43-A824-2B09-CCE5-4045A13F84C1}.Debug|Any CPU.ActiveCfg = Debug|Any CPU
		{1A2DAE43-A824-2B09-CCE5-4045A13F84C1}.Debug|Any CPU.Build.0 = Debug|Any CPU
		{1A2DAE43-A824-2B09-CCE5-4045A13F84C1}.Release|Any CPU.ActiveCfg = Release|Any CPU
		{1A2DAE43-A824-2B09-CCE5-4045A13F84C1}.Release|Any CPU.Build.0 = Release|Any CPU
		{523C618C-FD89-4E64-864B-8C3159B36079}.Debug|Any CPU.ActiveCfg = Debug|Any CPU
		{523C618C-FD89-4E64-864B-8C3159B36079}.Debug|Any CPU.Build.0 = Debug|Any CPU
		{523C618C-FD89-4E64-864B-8C3159B36079}.Release|Any CPU.ActiveCfg = Release|Any CPU
		{523C618C-FD89-4E64-864B-8C3159B36079}.Release|Any CPU.Build.0 = Release|Any CPU
		{8A3D6F7E-2B91-4C8D-9E5F-1D8A4E6C7B9A}.Debug|Any CPU.ActiveCfg = Debug|Any CPU
		{8A3D6F7E-2B91-4C8D-9E5F-1D8A4E6C7B9A}.Debug|Any CPU.Build.0 = Debug|Any CPU
		{8A3D6F7E-2B91-4C8D-9E5F-1D8A4E6C7B9A}.Release|Any CPU.ActiveCfg = Release|Any CPU
		{8A3D6F7E-2B91-4C8D-9E5F-1D8A4E6C7B9A}.Release|Any CPU.Build.0 = Release|Any CPU
	EndGlobalSection
	GlobalSection(SolutionProperties) = preSolution
		HideSolutionNode = FALSE
	EndGlobalSection
	GlobalSection(ExtensibilityGlobals) = postSolution
		SolutionGuid = {024A2BA3-E308-4126-8E92-8F17A9FF75EE}
	EndGlobalSection
EndGlobal
